
Microsoft Visual Studio Solution File, Format Version 12.00
# Visual Studio Version 17
VisualStudioVersion = 17.7.34202.233
MinimumVisualStudioVersion = 10.0.40219.1
Project("{FAE04EC0-301F-11D3-BF4B-00C04F79EFBC}") = "ShopWeb", "ShopWeb\ShopWeb.csproj", "{A019E4A2-4BFA-4C7B-A181-B5E7DD443D8C}"
EndProject
Global
	GlobalSection(SolutionConfigurationPlatforms) = preSolution
		Debug|Any CPU = Debug|Any CPU
		Release|Any CPU = Release|Any CPU
	EndGlobalSection
	GlobalSection(ProjectConfigurationPlatforms) = postSolution
		{A019E4A2-4BFA-4C7B-A181-B5E7DD443D8C}.Debug|Any CPU.ActiveCfg = Debug|Any CPU
		{A019E4A2-4BFA-4C7B-A181-B5E7DD443D8C}.Debug|Any CPU.Build.0 = Debug|Any CPU
		{A019E4A2-4BFA-4C7B-A181-B5E7DD443D8C}.Release|Any CPU.ActiveCfg = Release|Any CPU
		{A019E4A2-4BFA-4C7B-A181-B5E7DD443D8C}.Release|Any CPU.Build.0 = Release|Any CPU
	EndGlobalSection
	GlobalSection(SolutionProperties) = preSolution
		HideSolutionNode = FALSE
	EndGlobalSection
	GlobalSection(ExtensibilityGlobals) = postSolution
		SolutionGuid = {E03E4B62-655D-4ED5-AA86-9EC782568645}
	EndGlobalSection
EndGlobal
